PODS:
  - KIF (3.3.0):
    - KIF/Core (= 3.3.0)
  - KIF/Core (3.3.0)
  - NBNRealmBrowser (0.4.0):
    - Realm (~> 0.95)
  - Realm (0.95.0):
    - Realm/Headers (= 0.95.0)
  - Realm/Headers (0.95.0)

DEPENDENCIES:
  - KIF (~> 3.3.0)
  - NBNRealmBrowser (from `../`)

EXTERNAL SOURCES:
  NBNRealmBrowser:
    :path: "../"

SPEC CHECKSUMS:
  KIF: 0a82046d06f3648799cac522d2d0f7934214caac
  NBNRealmBrowser: 70b7e82fe38972b92621c0c4a479d0cbb405a385
  Realm: bbb171b96728ea136ed5cd354dca2a3d6529923c

COCOAPODS: 0.38.2
